// !$*UTF8*$!
{
	archiveVersion = 1;
	classes = {
	};
	objectVersion = 48;
	objects = {

/* Begin PBXBuildFile section */
		D536562F21C2574F00A7253D /* datapage.c in Sources */ = {isa = PBXBuildFile; fileRef = D536561E21C2574E00A7253D /* datapage.c */; };
		D536563021C2574F00A7253D /* process.c in Sources */ = {isa = PBXBuildFile; fileRef = D536561F21C2574E00A7253D /* process.c */; };
		D536563121C2574F00A7253D /* init.c in Sources */ = {isa = PBXBuildFile; fileRef = D536562221C2574F00A7253D /* init.c */; };
		D536563221C2574F00A7253D /* calc_accy.c in Sources */ = {isa = PBXBuildFile; fileRef = D536562321C2574F00A7253D /* calc_accy.c */; };
		D536563321C2574F00A7253D /* COP_Drv.c in Sources */ = {isa = PBXBuildFile; fileRef = D536562421C2574F00A7253D /* COP_Drv.c */; };
		D536563421C2574F00A7253D /* operate.c in Sources */ = {isa = PBXBuildFile; fileRef = D536562521C2574F00A7253D /* operate.c */; };
		D536563521C2574F00A7253D /* CAN.c in Sources */ = {isa = PBXBuildFile; fileRef = D536562721C2574F00A7253D /* CAN.c */; };
		D536563621C2574F00A7253D /* simfun.c in Sources */ = {isa = PBXBuildFile; fileRef = D536562821C2574F00A7253D /* simfun.c */; };
		D536563721C2574F00A7253D /* main.c in Sources */ = {isa = PBXBuildFile; fileRef = D536562921C2574F00A7253D /* main.c */; };
		D536563821C2574F00A7253D /* Start12.c in Sources */ = {isa = PBXBuildFile; fileRef = D536562A21C2574F00A7253D /* Start12.c */; };
		D536563921C2574F00A7253D /* calc_dis.c in Sources */ = {isa = PBXBuildFile; fileRef = D536562D21C2574F00A7253D /* calc_dis.c */; };
/* End PBXBuildFile section */

/* Begin PBXCopyFilesBuildPhase section */
		D53655F621C2551900A7253D /* CopyFiles */ = {
			isa = PBXCopyFilesBuildPhase;
			buildActionMask = 2147483647;
			dstPath = /usr/share/man/man1/;
			dstSubfolderSpec = 0;
			files = (
			);
			runOnlyForDeploymentPostprocessing = 1;
		};
/* End PBXCopyFilesBuildPhase section */

/* Begin PBXFileReference section */
		D53655F821C2551900A7253D /* AEB_Road_Test_Code */ = {isa = PBXFileReference; explicitFileType = "compiled.mach-o.executable"; includeInIndex = 0; path = AEB_Road_Test_Code; sourceTree = BUILT_PRODUCTS_DIR; };
		D536561E21C2574E00A7253D /* datapage.c */ = {isa = PBXFileReference; fileEncoding = 4; lastKnownFileType = sourcecode.c.c; name = datapage.c; path = ../../../Test/datapage.c; sourceTree = "<group>"; };
		D536561F21C2574E00A7253D /* process.c */ = {isa = PBXFileReference; fileEncoding = 4; lastKnownFileType = sourcecode.c.c; name = process.c; path = ../../../Test/process.c; sourceTree = "<group>"; };
		D536562021C2574E00A7253D /* CAN.h */ = {isa = PBXFileReference; fileEncoding = 4; lastKnownFileType = sourcecode.c.h; name = CAN.h; path = ../../../Test/CAN.h; sourceTree = "<group>"; };
		D536562121C2574E00A7253D /* operate.h */ = {isa = PBXFileReference; fileEncoding = 4; lastKnownFileType = sourcecode.c.h; name = operate.h; path = ../../../Test/operate.h; sourceTree = "<group>"; };
		D536562221C2574F00A7253D /* init.c */ = {isa = PBXFileReference; fileEncoding = 4; lastKnownFileType = sourcecode.c.c; name = init.c; path = ../../../Test/init.c; sourceTree = "<group>"; };
		D536562321C2574F00A7253D /* calc_accy.c */ = {isa = PBXFileReference; fileEncoding = 4; lastKnownFileType = sourcecode.c.c; name = calc_accy.c; path = ../../../Test/calc_accy.c; sourceTree = "<group>"; };
		D536562421C2574F00A7253D /* COP_Drv.c */ = {isa = PBXFileReference; fileEncoding = 4; lastKnownFileType = sourcecode.c.c; name = COP_Drv.c; path = ../../../Test/COP_Drv.c; sourceTree = "<group>"; };
		D536562521C2574F00A7253D /* operate.c */ = {isa = PBXFileReference; fileEncoding = 4; lastKnownFileType = sourcecode.c.c; name = operate.c; path = ../../../Test/operate.c; sourceTree = "<group>"; };
		D536562621C2574F00A7253D /* para.h */ = {isa = PBXFileReference; fileEncoding = 4; lastKnownFileType = sourcecode.c.h; name = para.h; path = ../../../Test/para.h; sourceTree = "<group>"; };
		D536562721C2574F00A7253D /* CAN.c */ = {isa = PBXFileReference; fileEncoding = 4; lastKnownFileType = sourcecode.c.c; name = CAN.c; path = ../../../Test/CAN.c; sourceTree = "<group>"; };
		D536562821C2574F00A7253D /* simfun.c */ = {isa = PBXFileReference; fileEncoding = 4; lastKnownFileType = sourcecode.c.c; name = simfun.c; path = ../../../Test/simfun.c; sourceTree = "<group>"; };
		D536562921C2574F00A7253D /* main.c */ = {isa = PBXFileReference; fileEncoding = 4; lastKnownFileType = sourcecode.c.c; name = main.c; path = ../../../Test/main.c; sourceTree = "<group>"; };
		D536562A21C2574F00A7253D /* Start12.c */ = {isa = PBXFileReference; fileEncoding = 4; lastKnownFileType = sourcecode.c.c; name = Start12.c; path = ../../../Test/Start12.c; sourceTree = "<group>"; };
		D536562B21C2574F00A7253D /* init.h */ = {isa = PBXFileReference; fileEncoding = 4; lastKnownFileType = sourcecode.c.h; name = init.h; path = ../../../Test/init.h; sourceTree = "<group>"; };
		D536562C21C2574F00A7253D /* derivative.h */ = {isa = PBXFileReference; fileEncoding = 4; lastKnownFileType = sourcecode.c.h; name = derivative.h; path = ../../../Test/derivative.h; sourceTree = "<group>"; };
		D536562D21C2574F00A7253D /* calc_dis.c */ = {isa = PBXFileReference; fileEncoding = 4; lastKnownFileType = sourcecode.c.c; name = calc_dis.c; path = ../../../Test/calc_dis.c; sourceTree = "<group>"; };
		D536562E21C2574F00A7253D /* COP_Drv.h */ = {isa = PBXFileReference; fileEncoding = 4; lastKnownFileType = sourcecode.c.h; name = COP_Drv.h; path = ../../../Test/COP_Drv.h; sourceTree = "<group>"; };
/* End PBXFileReference section */

/* Begin PBXFrameworksBuildPhase section */
		D53655F521C2551900A7253D /* Frameworks */ = {
			isa = PBXFrameworksBuildPhase;
			buildActionMask = 2147483647;
			files = (
			);
			runOnlyForDeploymentPostprocessing = 0;
		};
/* End PBXFrameworksBuildPhase section */

/* Begin PBXGroup section */
		D53655EF21C2551900A7253D = {
			isa = PBXGroup;
			children = (
				D53655FA21C2551900A7253D /* AEB_Road_Test_Code */,
				D53655F921C2551900A7253D /* Products */,
			);
			sourceTree = "<group>";
		};
		D53655F921C2551900A7253D /* Products */ = {
			isa = PBXGroup;
			children = (
				D53655F821C2551900A7253D /* AEB_Road_Test_Code */,
			);
			name = Products;
			sourceTree = "<group>";
		};
		D53655FA21C2551900A7253D /* AEB_Road_Test_Code */ = {
			isa = PBXGroup;
			children = (
				D536562321C2574F00A7253D /* calc_accy.c */,
				D536562D21C2574F00A7253D /* calc_dis.c */,
				D536562721C2574F00A7253D /* CAN.c */,
				D536562021C2574E00A7253D /* CAN.h */,
				D536562421C2574F00A7253D /* COP_Drv.c */,
				D536562E21C2574F00A7253D /* COP_Drv.h */,
				D536561E21C2574E00A7253D /* datapage.c */,
				D536562C21C2574F00A7253D /* derivative.h */,
				D536562221C2574F00A7253D /* init.c */,
				D536562B21C2574F00A7253D /* init.h */,
				D536562921C2574F00A7253D /* main.c */,
				D536562521C2574F00A7253D /* operate.c */,
				D536562121C2574E00A7253D /* operate.h */,
				D536562621C2574F00A7253D /* para.h */,
				D536561F21C2574E00A7253D /* process.c */,
				D536562821C2574F00A7253D /* simfun.c */,
				D536562A21C2574F00A7253D /* Start12.c */,
			);
			path = AEB_Road_Test_Code;
			sourceTree = "<group>";
		};
/* End PBXGroup section */

/* Begin PBXNativeTarget section */
		D53655F721C2551900A7253D /* AEB_Road_Test_Code */ = {
			isa = PBXNativeTarget;
			buildConfigurationList = D53655FF21C2551900A7253D /* Build configuration list for PBXNativeTarget "AEB_Road_Test_Code" */;
			buildPhases = (
				D53655F421C2551900A7253D /* Sources */,
				D53655F521C2551900A7253D /* Frameworks */,
				D53655F621C2551900A7253D /* CopyFiles */,
			);
			buildRules = (
			);
			dependencies = (
			);
			name = AEB_Road_Test_Code;
			productName = AEB_Road_Test_Code;
			productReference = D53655F821C2551900A7253D /* AEB_Road_Test_Code */;
			productType = "com.apple.product-type.tool";
		};
/* End PBXNativeTarget section */

/* Begin PBXProject section */
		D53655F021C2551900A7253D /* Project object */ = {
			isa = PBXProject;
			attributes = {
				LastUpgradeCheck = 0900;
				ORGANIZATIONNAME = lxp;
				TargetAttributes = {
					D53655F721C2551900A7253D = {
						CreatedOnToolsVersion = 9.0;
						ProvisioningStyle = Automatic;
					};
				};
			};
			buildConfigurationList = D53655F321C2551900A7253D /* Build configuration list for PBXProject "AEB_Road_Test_Code" */;
			compatibilityVersion = "Xcode 8.0";
			developmentRegion = en;
			hasScannedForEncodings = 0;
			knownRegions = (
				en,
			);
			mainGroup = D53655EF21C2551900A7253D;
			productRefGroup = D53655F921C2551900A7253D /* Products */;
			projectDirPath = "";
			projectRoot = "";
			targets = (
				D53655F721C2551900A7253D /* AEB_Road_Test_Code */,
			);
		};
/* End PBXProject section */

/* Begin PBXSourcesBuildPhase section */
		D53655F421C2551900A7253D /* Sources */ = {
			isa = PBXSourcesBuildPhase;
			buildActionMask = 2147483647;
			files = (
				D536563321C2574F00A7253D /* COP_Drv.c in Sources */,
				D536563821C2574F00A7253D /* Start12.c in Sources */,
				D536563121C2574F00A7253D /* init.c in Sources */,
				D536562F21C2574F00A7253D /* datapage.c in Sources */,
				D536563621C2574F00A7253D /* simfun.c in Sources */,
				D536563521C2574F00A7253D /* CAN.c in Sources */,
				D536563721C2574F00A7253D /* main.c in Sources */,
				D536563921C2574F00A7253D /* calc_dis.c in Sources */,
				D536563221C2574F00A7253D /* calc_accy.c in Sources */,
				D536563421C2574F00A7253D /* operate.c in Sources */,
				D536563021C2574F00A7253D /* process.c in Sources */,
			);
			runOnlyForDeploymentPostprocessing = 0;
		};
/* End PBXSourcesBuildPhase section */

/* Begin XCBuildConfiguration section */
		D53655FD21C2551900A7253D /* Debug */ = {
			isa = XCBuildConfiguration;
			buildSettings = {
				ALWAYS_SEARCH_USER_PATHS = NO;
				CLANG_ANALYZER_NONNULL = YES;
				CLANG_ANALYZER_NUMBER_OBJECT_CONVERSION = YES_AGGRESSIVE;
				CLANG_CXX_LANGUAGE_STANDARD = "gnu++14";
				CLANG_CXX_LIBRARY = "libc++";
				CLANG_ENABLE_MODULES = YES;
				CLANG_ENABLE_OBJC_ARC = YES;
				CLANG_WARN_BLOCK_CAPTURE_AUTORELEASING = YES;
				CLANG_WARN_BOOL_CONVERSION = YES;
				CLANG_WARN_COMMA = YES;
				CLANG_WARN_CONSTANT_CONVERSION = YES;
				CLANG_WARN_DIRECT_OBJC_ISA_USAGE = YES_ERROR;
				CLANG_WARN_DOCUMENTATION_COMMENTS = YES;
				CLANG_WARN_EMPTY_BODY = YES;
				CLANG_WARN_ENUM_CONVERSION = YES;
				CLANG_WARN_INFINITE_RECURSION = YES;
				CLANG_WARN_INT_CONVERSION = YES;
				CLANG_WARN_NON_LITERAL_NULL_CONVERSION = YES;
				CLANG_WARN_OBJC_LITERAL_CONVERSION = YES;
				CLANG_WARN_OBJC_ROOT_CLASS = YES_ERROR;
				CLANG_WARN_RANGE_LOOP_ANALYSIS = YES;
				CLANG_WARN_STRICT_PROTOTYPES = YES;
				CLANG_WARN_SUSPICIOUS_MOVE = YES;
				CLANG_WARN_UNGUARDED_AVAILABILITY = YES_AGGRESSIVE;
				CLANG_WARN_UNREACHABLE_CODE = YES;
				CLANG_WARN__DUPLICATE_METHOD_MATCH = YES;
				CODE_SIGN_IDENTITY = "-";
				COPY_PHASE_STRIP = NO;
				DEBUG_INFORMATION_FORMAT = dwarf;
				ENABLE_STRICT_OBJC_MSGSEND = YES;
				ENABLE_TESTABILITY = YES;
				GCC_C_LANGUAGE_STANDARD = gnu11;
				GCC_DYNAMIC_NO_PIC = NO;
				GCC_NO_COMMON_BLOCKS = YES;
				GCC_OPTIMIZATION_LEVEL = 0;
				GCC_PREPROCESSOR_DEFINITIONS = (
					"DEBUG=1",
					"$(inherited)",
				);
				GCC_WARN_64_TO_32_BIT_CONVERSION = YES;
				GCC_WARN_ABOUT_RETURN_TYPE = YES_ERROR;
				GCC_WARN_UNDECLARED_SELECTOR = YES;
				GCC_WARN_UNINITIALIZED_AUTOS = YES_AGGRESSIVE;
				GCC_WARN_UNUSED_FUNCTION = YES;
				GCC_WARN_UNUSED_VARIABLE = YES;
				MACOSX_DEPLOYMENT_TARGET = 10.13;
				MTL_ENABLE_DEBUG_INFO = YES;
				ONLY_ACTIVE_ARCH = YES;
				SDKROOT = macosx;
			};
			name = Debug;
		};
		D53655FE21C2551900A7253D /* Release */ = {
			isa = XCBuildConfiguration;
			buildSettings = {
				ALWAYS_SEARCH_USER_PATHS = NO;
				CLANG_ANALYZER_NONNULL = YES;
				CLANG_ANALYZER_NUMBER_OBJECT_CONVERSION = YES_AGGRESSIVE;
				CLANG_CXX_LANGUAGE_STANDARD = "gnu++14";
				CLANG_CXX_LIBRARY = "libc++";
				CLANG_ENABLE_MODULES = YES;
				CLANG_ENABLE_OBJC_ARC = YES;
				CLANG_WARN_BLOCK_CAPTURE_AUTORELEASING = YES;
				CLANG_WARN_BOOL_CONVERSION = YES;
				CLANG_WARN_COMMA = YES;
				CLANG_WARN_CONSTANT_CONVERSION = YES;
				CLANG_WARN_DIRECT_OBJC_ISA_USAGE = YES_ERROR;
				CLANG_WARN_DOCUMENTATION_COMMENTS = YES;
				CLANG_WARN_EMPTY_BODY = YES;
				CLANG_WARN_ENUM_CONVERSION = YES;
				CLANG_WARN_INFINITE_RECURSION = YES;
				CLANG_WARN_INT_CONVERSION = YES;
				CLANG_WARN_NON_LITERAL_NULL_CONVERSION = YES;
				CLANG_WARN_OBJC_LITERAL_CONVERSION = YES;
				CLANG_WARN_OBJC_ROOT_CLASS = YES_ERROR;
				CLANG_WARN_RANGE_LOOP_ANALYSIS = YES;
				CLANG_WARN_STRICT_PROTOTYPES = YES;
				CLANG_WARN_SUSPICIOUS_MOVE = YES;
				CLANG_WARN_UNGUARDED_AVAILABILITY = YES_AGGRESSIVE;
				CLANG_WARN_UNREACHABLE_CODE = YES;
				CLANG_WARN__DUPLICATE_METHOD_MATCH = YES;
				CODE_SIGN_IDENTITY = "-";
				COPY_PHASE_STRIP = NO;
				DEBUG_INFORMATION_FORMAT = "dwarf-with-dsym";
				ENABLE_NS_ASSERTIONS = NO;
				ENABLE_STRICT_OBJC_MSGSEND = YES;
				GCC_C_LANGUAGE_STANDARD = gnu11;
				GCC_NO_COMMON_BLOCKS = YES;
				GCC_WARN_64_TO_32_BIT_CONVERSION = YES;
				GCC_WARN_ABOUT_RETURN_TYPE = YES_ERROR;
				GCC_WARN_UNDECLARED_SELECTOR = YES;
				GCC_WARN_UNINITIALIZED_AUTOS = YES_AGGRESSIVE;
				GCC_WARN_UNUSED_FUNCTION = YES;
				GCC_WARN_UNUSED_VARIABLE = YES;
				MACOSX_DEPLOYMENT_TARGET = 10.13;
				MTL_ENABLE_DEBUG_INFO = NO;
				SDKROOT = macosx;
			};
			name = Release;
		};
		D536560021C2551900A7253D /* Debug */ = {
			isa = XCBuildConfiguration;
			buildSettings = {
				CODE_SIGN_STYLE = Automatic;
				PRODUCT_NAME = "$(TARGET_NAME)";
			};
			name = Debug;
		};
		D536560121C2551900A7253D /* Release */ = {
			isa = XCBuildConfiguration;
			buildSettings = {
				CODE_SIGN_STYLE = Automatic;
				PRODUCT_NAME = "$(TARGET_NAME)";
			};
			name = Release;
		};
/* End XCBuildConfiguration section */

/* Begin XCConfigurationList section */
		D53655F321C2551900A7253D /* Build configuration list for PBXProject "AEB_Road_Test_Code" */ = {
			isa = XCConfigurationList;
			buildConfigurations = (
				D53655FD21C2551900A7253D /* Debug */,
				D53655FE21C2551900A7253D /* Release */,
			);
			defaultConfigurationIsVisible = 0;
			defaultConfigurationName = Release;
		};
		D53655FF21C2551900A7253D /* Build configuration list for PBXNativeTarget "AEB_Road_Test_Code" */ = {
			isa = XCConfigurationList;
			buildConfigurations = (
				D536560021C2551900A7253D /* Debug */,
				D536560121C2551900A7253D /* Release */,
			);
			defaultConfigurationIsVisible = 0;
			defaultConfigurationName = Release;
		};
/* End XCConfigurationList section */
	};
	rootObject = D53655F021C2551900A7253D /* Project object */;
}
